<?xml version="1.0" encoding="utf-8"?>
<Project ToolsVersion="4.0" xmlns="http://schemas.microsoft.com/developer/msbuild/2003">
  <ItemGroup>
    <Filter Include="Archivos de origen">
      <UniqueIdentifier>{4FC737F1-C7A5-4376-A066-2A32D752A2FF}</UniqueIdentifier>
      <Extensions>cpp;c;cc;cxx;c++;cppm;ixx;def;odl;idl;hpj;bat;asm;asmx</Extensions>
    </Filter>
    <Filter Include="Archivos de encabezado">
      <UniqueIdentifier>{93995380-89BD-4b04-88EB-625FBE52EBFB}</UniqueIdentifier>
      <Extensions>h;hh;hpp;hxx;h++;hm;inl;inc;ipp;xsd</Extensions>
    </Filter>
    <Filter Include="Archivos de recursos">
      <UniqueIdentifier>{67DA6AB6-F800-4c08-8B7A-83BB121AAD01}</UniqueIdentifier>
      <Extensions>rc;ico;cur;bmp;dlg;rc2;rct;bin;rgs;gif;jpg;jpeg;jpe;resx;tiff;tif;png;wav;mfcribbon-ms</Extensions>
    </Filter>
    <Filter Include="Archivos de encabezado\Core">
      <UniqueIdentifier>{93415177-9041-4d89-8bc0-3271891bc558}</UniqueIdentifier>
    </Filter>
    <Filter Include="Archivos de origen\Core">
      <UniqueIdentifier>{9cdacc9c-22a0-41c3-9954-6f9e64fe242b}</UniqueIdentifier>
    </Filter>
    <Filter Include="Archivos de encabezado\ECS">
      <UniqueIdentifier>{11f3b05b-b7dd-4645-b621-ce7e57f3b0c6}</UniqueIdentifier>
    </Filter>
  </ItemGroup>
  <ItemGroup>
    <ClCompile Include="Source\main.cpp">
      <Filter>Archivos de origen</Filter>
    </ClCompile>
    <ClCompile Include="Source\Core\Window.cpp">
      <Filter>Archivos de origen\Core</Filter>
    </ClCompile>
    <ClCompile Include="Source\Core\CShape.cpp">
      <Filter>Archivos de origen\Core</Filter>
    </ClCompile>
  </ItemGroup>
  <ItemGroup>
    <ClInclude Include="Include\Prerequisites.h">
      <Filter>Archivos de encabezado</Filter>
    </ClInclude>
    <ClInclude Include="Include\Window.h">
      <Filter>Archivos de encabezado\Core</Filter>
    </ClInclude>
    <ClInclude Include="Include\Core\CShape.h">
      <Filter>Archivos de encabezado\Core</Filter>
    </ClInclude>
    <ClInclude Include="Include\ECS\Types.h">
      <Filter>Archivos de encabezado\ECS</Filter>
    </ClInclude>
    <ClInclude Include="Include\ECS\SparseSet.h">
      <Filter>Archivos de encabezado\ECS</Filter>
    </ClInclude>
    <ClInclude Include="Include\ECS\ComponentPool.h">
      <Filter>Archivos de encabezado\ECS</Filter>
    </ClInclude>
    <ClInclude Include="Include\ECS\View.h">
      <Filter>Archivos de encabezado\ECS</Filter>
    </ClInclude>
    <ClInclude Include="Include\ECS\Registry.h">
      <Filter>Archivos de encabezado\ECS</Filter>
    </ClInclude>
    <ClInclude Include="Include\ECS\System.h">
      <Filter>Archivos de encabezado\ECS</Filter>
    </ClInclude>
  </ItemGroup>
</Project>